
Microsoft Visual Studio Solution File, Format Version 12.00
# Visual Studio Version 17
VisualStudioVersion = 17.0.31903.59
MinimumVisualStudioVersion = 10.0.40219.1
Project("{2150E333-8FDC-42A3-9474-1A3956D46DE8}") = "Solution Items", "Solution Items", "{8025FA94-B35E-4ED4-B866-9FE3CA89CD4B}"
	ProjectSection(SolutionItems) = preProject
		.gitignore = .gitignore
		LICENSE = LICENSE
		README.md = README.md
		.editorconfig = .editorconfig
		.husky\pre-commit = .husky\pre-commit
		.husky\task-runner.json = .husky\task-runner.json
		Planning.md = Planning.md
	EndProjectSection
EndProject
Project("{2150E333-8FDC-42A3-9474-1A3956D46DE8}") = "Core", "Core", "{9E39725C-AD67-43CF-AA8D-B3871CBEED6C}"
EndProject
Project("{FAE04EC0-301F-11D3-BF4B-00C04F79EFBC}") = "Tom.Core", "src\Tom.Core\Tom.Core.csproj", "{3ABBC4B6-C4CC-468E-A060-AF7F2822F18B}"
EndProject
Project("{2150E333-8FDC-42A3-9474-1A3956D46DE8}") = "Utils", "Utils", "{2137EB31-EF2C-4AAD-94D7-B7D8F19FBD5A}"
EndProject
Project("{2150E333-8FDC-42A3-9474-1A3956D46DE8}") = "Tests", "Tests", "{47211DE8-CE15-4E71-A1A1-ED5A3192C6CF}"
EndProject
Project("{FAE04EC0-301F-11D3-BF4B-00C04F79EFBC}") = "Test.Core", "tests\Test.Core\Test.Core.csproj", "{DEEBE478-BC92-4AF8-929E-C853C325869A}"
EndProject
Global
	GlobalSection(SolutionConfigurationPlatforms) = preSolution
		Debug|Any CPU = Debug|Any CPU
		Release|Any CPU = Release|Any CPU
	EndGlobalSection
	GlobalSection(SolutionProperties) = preSolution
		HideSolutionNode = FALSE
	EndGlobalSection
	GlobalSection(NestedProjects) = preSolution
		{3ABBC4B6-C4CC-468E-A060-AF7F2822F18B} = {9E39725C-AD67-43CF-AA8D-B3871CBEED6C}
		{DEEBE478-BC92-4AF8-929E-C853C325869A} = {47211DE8-CE15-4E71-A1A1-ED5A3192C6CF}
	EndGlobalSection
	GlobalSection(ProjectConfigurationPlatforms) = postSolution
		{3ABBC4B6-C4CC-468E-A060-AF7F2822F18B}.Debug|Any CPU.ActiveCfg = Debug|Any CPU
		{3ABBC4B6-C4CC-468E-A060-AF7F2822F18B}.Debug|Any CPU.Build.0 = Debug|Any CPU
		{3ABBC4B6-C4CC-468E-A060-AF7F2822F18B}.Release|Any CPU.ActiveCfg = Release|Any CPU
		{3ABBC4B6-C4CC-468E-A060-AF7F2822F18B}.Release|Any CPU.Build.0 = Release|Any CPU
		{DEEBE478-BC92-4AF8-929E-C853C325869A}.Debug|Any CPU.ActiveCfg = Debug|Any CPU
		{DEEBE478-BC92-4AF8-929E-C853C325869A}.Debug|Any CPU.Build.0 = Debug|Any CPU
		{DEEBE478-BC92-4AF8-929E-C853C325869A}.Release|Any CPU.ActiveCfg = Release|Any CPU
		{DEEBE478-BC92-4AF8-929E-C853C325869A}.Release|Any CPU.Build.0 = Release|Any CPU
	EndGlobalSection
EndGlobal
